
Microsoft Visual Studio Solution File, Format Version 12.00
# Visual Studio Version 16
VisualStudioVersion = 16.0.30309.148
MinimumVisualStudioVersion = 10.0.40219.1
Project("{FAE04EC0-301F-11D3-BF4B-00C04F79EFBC}") = "PacktLibrary", "PacktLibrary\PacktLibrary.csproj", "{F69578E2-5FC1-4E8E-ADAE-11C430A393DB}"
EndProject
Project("{FAE04EC0-301F-11D3-BF4B-00C04F79EFBC}") = "PeopleApp", "PeopleApp\PeopleApp.csproj", "{3F18DE81-2DEF-44C3-AD62-15C4FFBC7E61}"
EndProject
Global
	GlobalSection(SolutionConfigurationPlatforms) = preSolution
		Debug|Any CPU = Debug|Any CPU
		Release|Any CPU = Release|Any CPU
	EndGlobalSection
	GlobalSection(ProjectConfigurationPlatforms) = postSolution
		{F69578E2-5FC1-4E8E-ADAE-11C430A393DB}.Debug|Any CPU.ActiveCfg = Debug|Any CPU
		{F69578E2-5FC1-4E8E-ADAE-11C430A393DB}.Debug|Any CPU.Build.0 = Debug|Any CPU
		{F69578E2-5FC1-4E8E-ADAE-11C430A393DB}.Release|Any CPU.ActiveCfg = Release|Any CPU
		{F69578E2-5FC1-4E8E-ADAE-11C430A393DB}.Release|Any CPU.Build.0 = Release|Any CPU
		{3F18DE81-2DEF-44C3-AD62-15C4FFBC7E61}.Debug|Any CPU.ActiveCfg = Debug|Any CPU
		{3F18DE81-2DEF-44C3-AD62-15C4FFBC7E61}.Debug|Any CPU.Build.0 = Debug|Any CPU
		{3F18DE81-2DEF-44C3-AD62-15C4FFBC7E61}.Release|Any CPU.ActiveCfg = Release|Any CPU
		{3F18DE81-2DEF-44C3-AD62-15C4FFBC7E61}.Release|Any CPU.Build.0 = Release|Any CPU
	EndGlobalSection
	GlobalSection(SolutionProperties) = preSolution
		HideSolutionNode = FALSE
	EndGlobalSection
	GlobalSection(ExtensibilityGlobals) = postSolution
		SolutionGuid = {CDD58BEE-F8FD-4215-A990-A3C086E9F374}
	EndGlobalSection
EndGlobal
