
Microsoft Visual Studio Solution File, Format Version 12.00
# Visual Studio Version 16
VisualStudioVersion = 16.0.30309.148
MinimumVisualStudioVersion = 10.0.40219.1
Project("{9A19103F-16F7-4668-BE54-9A1E7A4F7556}") = "Instrumenting", "Instrumenting\Instrumenting.csproj", "{1E994E51-1C4C-4B37-B720-D55E8B11E96C}"
EndProject
Project("{9A19103F-16F7-4668-BE54-9A1E7A4F7556}") = "CalculatorLib", "CalculatorLib\CalculatorLib.csproj", "{914C8703-628E-4188-8E7A-45A940B9AF8D}"
EndProject
Project("{9A19103F-16F7-4668-BE54-9A1E7A4F7556}") = "CalculatorLibUnitTests", "CalculatorLibUnitTests\CalculatorLibUnitTests.csproj", "{29E381D0-C0E8-4DB5-91C4-ED260565BA39}"
EndProject
Project("{9A19103F-16F7-4668-BE54-9A1E7A4F7556}") = "Debugging1", "Debugging1\Debugging1.csproj", "{F8E12A4D-009A-49DF-A244-C4091E010961}"
EndProject
Project("{9A19103F-16F7-4668-BE54-9A1E7A4F7556}") = "WritingFunctions", "WritingFunctions\WritingFunctions.csproj", "{10E25171-9624-4B81-AF36-964046FE2D5B}"
EndProject
Global
	GlobalSection(SolutionConfigurationPlatforms) = preSolution
		Debug|Any CPU = Debug|Any CPU
		Release|Any CPU = Release|Any CPU
	EndGlobalSection
	GlobalSection(ProjectConfigurationPlatforms) = postSolution
		{1E994E51-1C4C-4B37-B720-D55E8B11E96C}.Debug|Any CPU.ActiveCfg = Debug|Any CPU
		{1E994E51-1C4C-4B37-B720-D55E8B11E96C}.Debug|Any CPU.Build.0 = Debug|Any CPU
		{1E994E51-1C4C-4B37-B720-D55E8B11E96C}.Release|Any CPU.ActiveCfg = Release|Any CPU
		{1E994E51-1C4C-4B37-B720-D55E8B11E96C}.Release|Any CPU.Build.0 = Release|Any CPU
		{914C8703-628E-4188-8E7A-45A940B9AF8D}.Debug|Any CPU.ActiveCfg = Debug|Any CPU
		{914C8703-628E-4188-8E7A-45A940B9AF8D}.Debug|Any CPU.Build.0 = Debug|Any CPU
		{914C8703-628E-4188-8E7A-45A940B9AF8D}.Release|Any CPU.ActiveCfg = Release|Any CPU
		{914C8703-628E-4188-8E7A-45A940B9AF8D}.Release|Any CPU.Build.0 = Release|Any CPU
		{29E381D0-C0E8-4DB5-91C4-ED260565BA39}.Debug|Any CPU.ActiveCfg = Debug|Any CPU
		{29E381D0-C0E8-4DB5-91C4-ED260565BA39}.Debug|Any CPU.Build.0 = Debug|Any CPU
		{29E381D0-C0E8-4DB5-91C4-ED260565BA39}.Release|Any CPU.ActiveCfg = Release|Any CPU
		{29E381D0-C0E8-4DB5-91C4-ED260565BA39}.Release|Any CPU.Build.0 = Release|Any CPU
		{F8E12A4D-009A-49DF-A244-C4091E010961}.Debug|Any CPU.ActiveCfg = Debug|Any CPU
		{F8E12A4D-009A-49DF-A244-C4091E010961}.Debug|Any CPU.Build.0 = Debug|Any CPU
		{F8E12A4D-009A-49DF-A244-C4091E010961}.Release|Any CPU.ActiveCfg = Release|Any CPU
		{F8E12A4D-009A-49DF-A244-C4091E010961}.Release|Any CPU.Build.0 = Release|Any CPU
		{10E25171-9624-4B81-AF36-964046FE2D5B}.Debug|Any CPU.ActiveCfg = Debug|Any CPU
		{10E25171-9624-4B81-AF36-964046FE2D5B}.Debug|Any CPU.Build.0 = Debug|Any CPU
		{10E25171-9624-4B81-AF36-964046FE2D5B}.Release|Any CPU.ActiveCfg = Release|Any CPU
		{10E25171-9624-4B81-AF36-964046FE2D5B}.Release|Any CPU.Build.0 = Release|Any CPU
	EndGlobalSection
	GlobalSection(SolutionProperties) = preSolution
		HideSolutionNode = FALSE
	EndGlobalSection
	GlobalSection(ExtensibilityGlobals) = postSolution
		SolutionGuid = {8FC63ADD-4FEA-4D98-BB4F-5D79A086E6C4}
	EndGlobalSection
EndGlobal
