
Microsoft Visual Studio Solution File, Format Version 12.00
# Visual Studio Version 16
VisualStudioVersion = 16.0.30330.147
MinimumVisualStudioVersion = 10.0.40219.1
Project("{9A19103F-16F7-4668-BE54-9A1E7A4F7556}") = "NorthwindWeb", "NorthwindWeb\NorthwindWeb.csproj", "{85CAA446-BD36-4543-AF9B-9741AF90EF04}"
EndProject
Project("{9A19103F-16F7-4668-BE54-9A1E7A4F7556}") = "NorthwindEntitiesLib", "NorthwindEntitiesLib\NorthwindEntitiesLib.csproj", "{28284182-B93E-46BF-A989-28B702C8CCF7}"
EndProject
Project("{9A19103F-16F7-4668-BE54-9A1E7A4F7556}") = "NorthwindContextLib", "NorthwindContextLib\NorthwindContextLib.csproj", "{68546568-910B-457A-A755-8C42DDBA68D3}"
EndProject
Project("{FAE04EC0-301F-11D3-BF4B-00C04F79EFBC}") = "NorthwindMvc", "NorthwindMvc\NorthwindMvc.csproj", "{9CFDA0AB-A292-4A42-9F28-1FA8F46A0282}"
EndProject
Global
	GlobalSection(SolutionConfigurationPlatforms) = preSolution
		Debug|Any CPU = Debug|Any CPU
		Release|Any CPU = Release|Any CPU
	EndGlobalSection
	GlobalSection(ProjectConfigurationPlatforms) = postSolution
		{85CAA446-BD36-4543-AF9B-9741AF90EF04}.Debug|Any CPU.ActiveCfg = Debug|Any CPU
		{85CAA446-BD36-4543-AF9B-9741AF90EF04}.Debug|Any CPU.Build.0 = Debug|Any CPU
		{85CAA446-BD36-4543-AF9B-9741AF90EF04}.Release|Any CPU.ActiveCfg = Release|Any CPU
		{85CAA446-BD36-4543-AF9B-9741AF90EF04}.Release|Any CPU.Build.0 = Release|Any CPU
		{28284182-B93E-46BF-A989-28B702C8CCF7}.Debug|Any CPU.ActiveCfg = Debug|Any CPU
		{28284182-B93E-46BF-A989-28B702C8CCF7}.Debug|Any CPU.Build.0 = Debug|Any CPU
		{28284182-B93E-46BF-A989-28B702C8CCF7}.Release|Any CPU.ActiveCfg = Release|Any CPU
		{28284182-B93E-46BF-A989-28B702C8CCF7}.Release|Any CPU.Build.0 = Release|Any CPU
		{68546568-910B-457A-A755-8C42DDBA68D3}.Debug|Any CPU.ActiveCfg = Debug|Any CPU
		{68546568-910B-457A-A755-8C42DDBA68D3}.Debug|Any CPU.Build.0 = Debug|Any CPU
		{68546568-910B-457A-A755-8C42DDBA68D3}.Release|Any CPU.ActiveCfg = Release|Any CPU
		{68546568-910B-457A-A755-8C42DDBA68D3}.Release|Any CPU.Build.0 = Release|Any CPU
		{9CFDA0AB-A292-4A42-9F28-1FA8F46A0282}.Debug|Any CPU.ActiveCfg = Debug|Any CPU
		{9CFDA0AB-A292-4A42-9F28-1FA8F46A0282}.Debug|Any CPU.Build.0 = Debug|Any CPU
		{9CFDA0AB-A292-4A42-9F28-1FA8F46A0282}.Release|Any CPU.ActiveCfg = Release|Any CPU
		{9CFDA0AB-A292-4A42-9F28-1FA8F46A0282}.Release|Any CPU.Build.0 = Release|Any CPU
	EndGlobalSection
	GlobalSection(SolutionProperties) = preSolution
		HideSolutionNode = FALSE
	EndGlobalSection
	GlobalSection(ExtensibilityGlobals) = postSolution
		SolutionGuid = {5699BEF2-BC99-450B-A522-097FCCB9971B}
	EndGlobalSection
EndGlobal
